// !$*UTF8*$!
{
	archiveVersion = 1;
	classes = {
	};
	objectVersion = 56;
	objects = {

/* Begin PBXBuildFile section */
		A0140D382AF9CDE80061F60F /* Round.swift in Sources */ = {isa = PBXBuildFile; fileRef = A0140D372AF9CDE80061F60F /* Round.swift */; };
		A06323B62B04394C0080F4F8 /* RecipeDetailView.swift in Sources */ = {isa = PBXBuildFile; fileRef = A06323B52B04394C0080F4F8 /* RecipeDetailView.swift */; };
		A07B454A2B0143F8008779FF /* Sliders in Frameworks */ = {isa = PBXBuildFile; productRef = A07B45492B0143F8008779FF /* Sliders */; };
		A07B454C2B0150D6008779FF /* DateFormatting.swift in Sources */ = {isa = PBXBuildFile; fileRef = A07B454B2B0150D6008779FF /* DateFormatting.swift */; };
		A08F97A12B0162450026416C /* christmasrecipes.json in Resources */ = {isa = PBXBuildFile; fileRef = A08F97A02B0162450026416C /* christmasrecipes.json */; };
		A08F97A32B01711C0026416C /* RecipeSuggestionCell.swift in Sources */ = {isa = PBXBuildFile; fileRef = A08F97A22B01711C0026416C /* RecipeSuggestionCell.swift */; };
		A08F97A52B01880F0026416C /* Keys.plist in Resources */ = {isa = PBXBuildFile; fileRef = A08F97A42B01880F0026416C /* Keys.plist */; };
		A08F97A72B01BC2A0026416C /* ShoppingListData.swift in Sources */ = {isa = PBXBuildFile; fileRef = A08F97A62B01BC2A0026416C /* ShoppingListData.swift */; };
		A0ADF52F2AF6EC1200EE64B1 /* SortOption.swift in Sources */ = {isa = PBXBuildFile; fileRef = A0ADF52E2AF6EC1200EE64B1 /* SortOption.swift */; };
		A0ADF5312AF703E300EE64B1 /* RecipeCell.swift in Sources */ = {isa = PBXBuildFile; fileRef = A0ADF5302AF703E300EE64B1 /* RecipeCell.swift */; };
		A0ADF5332AF70F3A00EE64B1 /* recipes.json in Resources */ = {isa = PBXBuildFile; fileRef = A0ADF5322AF70F3A00EE64B1 /* recipes.json */; };
		A0ADF5372AF7190200EE64B1 /* RecipeData.swift in Sources */ = {isa = PBXBuildFile; fileRef = A0ADF5362AF7190200EE64B1 /* RecipeData.swift */; };
		A0ADF5392AF8939900EE64B1 /* LocationManager.swift in Sources */ = {isa = PBXBuildFile; fileRef = A0ADF5382AF8939900EE64B1 /* LocationManager.swift */; };
		A0ADF53B2AF899EF00EE64B1 /* NearbyView.swift in Sources */ = {isa = PBXBuildFile; fileRef = A0ADF53A2AF899EF00EE64B1 /* NearbyView.swift */; };
		A0ADF53D2AF89B0500EE64B1 /* Location.swift in Sources */ = {isa = PBXBuildFile; fileRef = A0ADF53C2AF89B0500EE64B1 /* Location.swift */; };
		A0B977812ACC63940042E1DA /* GroceryGuruApp.swift in Sources */ = {isa = PBXBuildFile; fileRef = A0B977802ACC63940042E1DA /* GroceryGuruApp.swift */; };
		A0B977832ACC63940042E1DA /* ContentView.swift in Sources */ = {isa = PBXBuildFile; fileRef = A0B977822ACC63940042E1DA /* ContentView.swift */; };
		A0B977852ACC63960042E1DA /* Assets.xcassets in Resources */ = {isa = PBXBuildFile; fileRef = A0B977842ACC63960042E1DA /* Assets.xcassets */; };
		A0B977882ACC63960042E1DA /* Preview Assets.xcassets in Resources */ = {isa = PBXBuildFile; fileRef = A0B977872ACC63960042E1DA /* Preview Assets.xcassets */; };
		A0B977952ACDDAC80042E1DA /* HomeView.swift in Sources */ = {isa = PBXBuildFile; fileRef = A0B977942ACDDAC80042E1DA /* HomeView.swift */; };
		A0B977972ACDDAD30042E1DA /* ListView.swift in Sources */ = {isa = PBXBuildFile; fileRef = A0B977962ACDDAD30042E1DA /* ListView.swift */; };
		A0B977992ACDDADA0042E1DA /* FridgeView.swift in Sources */ = {isa = PBXBuildFile; fileRef = A0B977982ACDDADA0042E1DA /* FridgeView.swift */; };
		A0B9779B2ACDDAE20042E1DA /* RecipeView.swift in Sources */ = {isa = PBXBuildFile; fileRef = A0B9779A2ACDDAE20042E1DA /* RecipeView.swift */; };
		A0CB886F2ACED9BB0096C6EC /* Modifiers.swift in Sources */ = {isa = PBXBuildFile; fileRef = A0CB886E2ACED9BB0096C6EC /* Modifiers.swift */; };
		A0CB88722ACEE2210096C6EC /* Colors.swift in Sources */ = {isa = PBXBuildFile; fileRef = A0CB88712ACEE2210096C6EC /* Colors.swift */; };
		A0CDFFC92AD02B3500B84849 /* FridgeCellView.swift in Sources */ = {isa = PBXBuildFile; fileRef = A0CDFFC82AD02B3500B84849 /* FridgeCellView.swift */; };
		A0CDFFCB2AD02B7500B84849 /* FridgeFood.swift in Sources */ = {isa = PBXBuildFile; fileRef = A0CDFFCA2AD02B7500B84849 /* FridgeFood.swift */; };
		A0D40DEC2ACE1CFD002CE22C /* ShoppingFood.swift in Sources */ = {isa = PBXBuildFile; fileRef = A0D40DEB2ACE1CFD002CE22C /* ShoppingFood.swift */; };
		A0D40DEE2ACE1D36002CE22C /* Recipe.swift in Sources */ = {isa = PBXBuildFile; fileRef = A0D40DED2ACE1D36002CE22C /* Recipe.swift */; };
		A0D40DF02ACE1E83002CE22C /* ShoppingListView.swift in Sources */ = {isa = PBXBuildFile; fileRef = A0D40DEF2ACE1E83002CE22C /* ShoppingListView.swift */; };
		A0E3D8E02AFC50D500019A73 /* FridgeData.swift in Sources */ = {isa = PBXBuildFile; fileRef = A0E3D8DF2AFC50D500019A73 /* FridgeData.swift */; };
/* End PBXBuildFile section */

/* Begin PBXFileReference section */
		A0140D362AF9BC920061F60F /* Info.plist */ = {isa = PBXFileReference; lastKnownFileType = text.plist; path = Info.plist; sourceTree = "<group>"; };
		A0140D372AF9CDE80061F60F /* Round.swift */ = {isa = PBXFileReference; lastKnownFileType = sourcecode.swift; path = Round.swift; sourceTree = "<group>"; };
		A06323B52B04394C0080F4F8 /* RecipeDetailView.swift */ = {isa = PBXFileReference; lastKnownFileType = sourcecode.swift; path = RecipeDetailView.swift; sourceTree = "<group>"; };
		A07B454B2B0150D6008779FF /* DateFormatting.swift */ = {isa = PBXFileReference; lastKnownFileType = sourcecode.swift; path = DateFormatting.swift; sourceTree = "<group>"; };
		A08F97A02B0162450026416C /* christmasrecipes.json */ = {isa = PBXFileReference; fileEncoding = 4; lastKnownFileType = text.json; path = christmasrecipes.json; sourceTree = "<group>"; };
		A08F97A22B01711C0026416C /* RecipeSuggestionCell.swift */ = {isa = PBXFileReference; lastKnownFileType = sourcecode.swift; path = RecipeSuggestionCell.swift; sourceTree = "<group>"; };
		A08F97A42B01880F0026416C /* Keys.plist */ = {isa = PBXFileReference; lastKnownFileType = text.plist.xml; path = Keys.plist; sourceTree = "<group>"; };
		A08F97A62B01BC2A0026416C /* ShoppingListData.swift */ = {isa = PBXFileReference; lastKnownFileType = sourcecode.swift; path = ShoppingListData.swift; sourceTree = "<group>"; };
		A0ADF52E2AF6EC1200EE64B1 /* SortOption.swift */ = {isa = PBXFileReference; lastKnownFileType = sourcecode.swift; path = SortOption.swift; sourceTree = "<group>"; };
		A0ADF5302AF703E300EE64B1 /* RecipeCell.swift */ = {isa = PBXFileReference; lastKnownFileType = sourcecode.swift; path = RecipeCell.swift; sourceTree = "<group>"; };
		A0ADF5322AF70F3A00EE64B1 /* recipes.json */ = {isa = PBXFileReference; fileEncoding = 4; lastKnownFileType = text.json; path = recipes.json; sourceTree = "<group>"; };
		A0ADF5362AF7190200EE64B1 /* RecipeData.swift */ = {isa = PBXFileReference; lastKnownFileType = sourcecode.swift; path = RecipeData.swift; sourceTree = "<group>"; };
		A0ADF5382AF8939900EE64B1 /* LocationManager.swift */ = {isa = PBXFileReference; lastKnownFileType = sourcecode.swift; path = LocationManager.swift; sourceTree = "<group>"; };
		A0ADF53A2AF899EF00EE64B1 /* NearbyView.swift */ = {isa = PBXFileReference; lastKnownFileType = sourcecode.swift; path = NearbyView.swift; sourceTree = "<group>"; };
		A0ADF53C2AF89B0500EE64B1 /* Location.swift */ = {isa = PBXFileReference; lastKnownFileType = sourcecode.swift; path = Location.swift; sourceTree = "<group>"; };
		A0B9777D2ACC63940042E1DA /* GroceryGuru.app */ = {isa = PBXFileReference; explicitFileType = wrapper.application; includeInIndex = 0; path = GroceryGuru.app; sourceTree = BUILT_PRODUCTS_DIR; };
		A0B977802ACC63940042E1DA /* GroceryGuruApp.swift */ = {isa = PBXFileReference; lastKnownFileType = sourcecode.swift; path = GroceryGuruApp.swift; sourceTree = "<group>"; };
		A0B977822ACC63940042E1DA /* ContentView.swift */ = {isa = PBXFileReference; lastKnownFileType = sourcecode.swift; path = ContentView.swift; sourceTree = "<group>"; };
		A0B977842ACC63960042E1DA /* Assets.xcassets */ = {isa = PBXFileReference; lastKnownFileType = folder.assetcatalog; path = Assets.xcassets; sourceTree = "<group>"; };
		A0B977872ACC63960042E1DA /* Preview Assets.xcassets */ = {isa = PBXFileReference; lastKnownFileType = folder.assetcatalog; path = "Preview Assets.xcassets"; sourceTree = "<group>"; };
		A0B977942ACDDAC80042E1DA /* HomeView.swift */ = {isa = PBXFileReference; lastKnownFileType = sourcecode.swift; path = HomeView.swift; sourceTree = "<group>"; };
		A0B977962ACDDAD30042E1DA /* ListView.swift */ = {isa = PBXFileReference; lastKnownFileType = sourcecode.swift; path = ListView.swift; sourceTree = "<group>"; };
		A0B977982ACDDADA0042E1DA /* FridgeView.swift */ = {isa = PBXFileReference; lastKnownFileType = sourcecode.swift; path = FridgeView.swift; sourceTree = "<group>"; };
		A0B9779A2ACDDAE20042E1DA /* RecipeView.swift */ = {isa = PBXFileReference; lastKnownFileType = sourcecode.swift; path = RecipeView.swift; sourceTree = "<group>"; };
		A0CB886E2ACED9BB0096C6EC /* Modifiers.swift */ = {isa = PBXFileReference; lastKnownFileType = sourcecode.swift; path = Modifiers.swift; sourceTree = "<group>"; };
		A0CB88712ACEE2210096C6EC /* Colors.swift */ = {isa = PBXFileReference; lastKnownFileType = sourcecode.swift; path = Colors.swift; sourceTree = "<group>"; };
		A0CDFFC82AD02B3500B84849 /* FridgeCellView.swift */ = {isa = PBXFileReference; lastKnownFileType = sourcecode.swift; path = FridgeCellView.swift; sourceTree = "<group>"; };
		A0CDFFCA2AD02B7500B84849 /* FridgeFood.swift */ = {isa = PBXFileReference; lastKnownFileType = sourcecode.swift; path = FridgeFood.swift; sourceTree = "<group>"; };
		A0D40DEB2ACE1CFD002CE22C /* ShoppingFood.swift */ = {isa = PBXFileReference; lastKnownFileType = sourcecode.swift; path = ShoppingFood.swift; sourceTree = "<group>"; };
		A0D40DED2ACE1D36002CE22C /* Recipe.swift */ = {isa = PBXFileReference; lastKnownFileType = sourcecode.swift; path = Recipe.swift; sourceTree = "<group>"; };
		A0D40DEF2ACE1E83002CE22C /* ShoppingListView.swift */ = {isa = PBXFileReference; lastKnownFileType = sourcecode.swift; path = ShoppingListView.swift; sourceTree = "<group>"; };
		A0E3D8DF2AFC50D500019A73 /* FridgeData.swift */ = {isa = PBXFileReference; lastKnownFileType = sourcecode.swift; path = FridgeData.swift; sourceTree = "<group>"; };
/* End PBXFileReference section */

/* Begin PBXFrameworksBuildPhase section */
		A0B9777A2ACC63940042E1DA /* Frameworks */ = {
			isa = PBXFrameworksBuildPhase;
			buildActionMask = 2147483647;
			files = (
				A07B454A2B0143F8008779FF /* Sliders in Frameworks */,
			);
			runOnlyForDeploymentPostprocessing = 0;
		};
/* End PBXFrameworksBuildPhase section */

/* Begin PBXGroup section */
		A0B977742ACC63940042E1DA = {
			isa = PBXGroup;
			children = (
				A0B9777F2ACC63940042E1DA /* GroceryGuru */,
				A0B9777E2ACC63940042E1DA /* Products */,
			);
			sourceTree = "<group>";
		};
		A0B9777E2ACC63940042E1DA /* Products */ = {
			isa = PBXGroup;
			children = (
				A0B9777D2ACC63940042E1DA /* GroceryGuru.app */,
			);
			name = Products;
			sourceTree = "<group>";
		};
		A0B9777F2ACC63940042E1DA /* GroceryGuru */ = {
			isa = PBXGroup;
			children = (
				A0140D362AF9BC920061F60F /* Info.plist */,
				A0B977802ACC63940042E1DA /* GroceryGuruApp.swift */,
				A0D40DEA2ACE1CAC002CE22C /* Models */,
				A0D40DE92ACE1CA2002CE22C /* ViewModels */,
				A0D40DE72ACE1C8E002CE22C /* Views */,
				A0CB88702ACED9C10096C6EC /* Tools */,
				A0B977842ACC63960042E1DA /* Assets.xcassets */,
				A08F97A02B0162450026416C /* christmasrecipes.json */,
				A0ADF5322AF70F3A00EE64B1 /* recipes.json */,
				A0B977862ACC63960042E1DA /* Preview Content */,
				A08F97A42B01880F0026416C /* Keys.plist */,
			);
			path = GroceryGuru;
			sourceTree = "<group>";
		};
		A0B977862ACC63960042E1DA /* Preview Content */ = {
			isa = PBXGroup;
			children = (
				A0B977872ACC63960042E1DA /* Preview Assets.xcassets */,
			);
			path = "Preview Content";
			sourceTree = "<group>";
		};
		A0CB88702ACED9C10096C6EC /* Tools */ = {
			isa = PBXGroup;
			children = (
				A0CB886E2ACED9BB0096C6EC /* Modifiers.swift */,
				A0CB88712ACEE2210096C6EC /* Colors.swift */,
				A0140D372AF9CDE80061F60F /* Round.swift */,
				A07B454B2B0150D6008779FF /* DateFormatting.swift */,
			);
			path = Tools;
			sourceTree = "<group>";
		};
		A0D40DE72ACE1C8E002CE22C /* Views */ = {
			isa = PBXGroup;
			children = (
				A0B977822ACC63940042E1DA /* ContentView.swift */,
				A0D40DEF2ACE1E83002CE22C /* ShoppingListView.swift */,
				A0B977942ACDDAC80042E1DA /* HomeView.swift */,
				A0B977962ACDDAD30042E1DA /* ListView.swift */,
				A0B977982ACDDADA0042E1DA /* FridgeView.swift */,
				A0CDFFC82AD02B3500B84849 /* FridgeCellView.swift */,
				A0ADF53A2AF899EF00EE64B1 /* NearbyView.swift */,
				A0B9779A2ACDDAE20042E1DA /* RecipeView.swift */,
				A0ADF5302AF703E300EE64B1 /* RecipeCell.swift */,
				A08F97A22B01711C0026416C /* RecipeSuggestionCell.swift */,
				A06323B52B04394C0080F4F8 /* RecipeDetailView.swift */,
			);
			path = Views;
			sourceTree = "<group>";
		};
		A0D40DE92ACE1CA2002CE22C /* ViewModels */ = {
			isa = PBXGroup;
			children = (
			);
			path = ViewModels;
			sourceTree = "<group>";
		};
		A0D40DEA2ACE1CAC002CE22C /* Models */ = {
			isa = PBXGroup;
			children = (
				A0D40DEB2ACE1CFD002CE22C /* ShoppingFood.swift */,
				A0D40DED2ACE1D36002CE22C /* Recipe.swift */,
				A0CDFFCA2AD02B7500B84849 /* FridgeFood.swift */,
				A0ADF52E2AF6EC1200EE64B1 /* SortOption.swift */,
				A0ADF5362AF7190200EE64B1 /* RecipeData.swift */,
				A08F97A62B01BC2A0026416C /* ShoppingListData.swift */,
				A0E3D8DF2AFC50D500019A73 /* FridgeData.swift */,
				A0ADF5382AF8939900EE64B1 /* LocationManager.swift */,
				A0ADF53C2AF89B0500EE64B1 /* Location.swift */,
			);
			path = Models;
			sourceTree = "<group>";
		};
/* End PBXGroup section */

/* Begin PBXNativeTarget section */
		A0B9777C2ACC63940042E1DA /* GroceryGuru */ = {
			isa = PBXNativeTarget;
			buildConfigurationList = A0B9778B2ACC63960042E1DA /* Build configuration list for PBXNativeTarget "GroceryGuru" */;
			buildPhases = (
				A0B977792ACC63940042E1DA /* Sources */,
				A0B9777A2ACC63940042E1DA /* Frameworks */,
				A0B9777B2ACC63940042E1DA /* Resources */,
			);
			buildRules = (
			);
			dependencies = (
			);
			name = GroceryGuru;
			packageProductDependencies = (
				A07B45492B0143F8008779FF /* Sliders */,
			);
			productName = GroceryGuru;
			productReference = A0B9777D2ACC63940042E1DA /* GroceryGuru.app */;
			productType = "com.apple.product-type.application";
		};
/* End PBXNativeTarget section */

/* Begin PBXProject section */
		A0B977752ACC63940042E1DA /* Project object */ = {
			isa = PBXProject;
			attributes = {
				BuildIndependentTargetsInParallel = 1;
				LastSwiftUpdateCheck = 1430;
				LastUpgradeCheck = 1500;
				TargetAttributes = {
					A0B9777C2ACC63940042E1DA = {
						CreatedOnToolsVersion = 14.3;
					};
				};
			};
			buildConfigurationList = A0B977782ACC63940042E1DA /* Build configuration list for PBXProject "GroceryGuru" */;
			compatibilityVersion = "Xcode 14.0";
			developmentRegion = en;
			hasScannedForEncodings = 0;
			knownRegions = (
				en,
				Base,
			);
			mainGroup = A0B977742ACC63940042E1DA;
			packageReferences = (
				A07B45482B0143F8008779FF /* XCRemoteSwiftPackageReference "swiftui-sliders" */,
			);
			productRefGroup = A0B9777E2ACC63940042E1DA /* Products */;
			projectDirPath = "";
			projectRoot = "";
			targets = (
				A0B9777C2ACC63940042E1DA /* GroceryGuru */,
			);
		};
/* End PBXProject section */

/* Begin PBXResourcesBuildPhase section */
		A0B9777B2ACC63940042E1DA /* Resources */ = {
			isa = PBXResourcesBuildPhase;
			buildActionMask = 2147483647;
			files = (
				A0B977882ACC63960042E1DA /* Preview Assets.xcassets in Resources */,
				A0ADF5332AF70F3A00EE64B1 /* recipes.json in Resources */,
				A08F97A12B0162450026416C /* christmasrecipes.json in Resources */,
				A0B977852ACC63960042E1DA /* Assets.xcassets in Resources */,
				A08F97A52B01880F0026416C /* Keys.plist in Resources */,
			);
			runOnlyForDeploymentPostprocessing = 0;
		};
/* End PBXResourcesBuildPhase section */

/* Begin PBXSourcesBuildPhase section */
		A0B977792ACC63940042E1DA /* Sources */ = {
			isa = PBXSourcesBuildPhase;
			buildActionMask = 2147483647;
			files = (
				A0ADF5312AF703E300EE64B1 /* RecipeCell.swift in Sources */,
				A0ADF5392AF8939900EE64B1 /* LocationManager.swift in Sources */,
				A07B454C2B0150D6008779FF /* DateFormatting.swift in Sources */,
				A0ADF52F2AF6EC1200EE64B1 /* SortOption.swift in Sources */,
				A0D40DF02ACE1E83002CE22C /* ShoppingListView.swift in Sources */,
				A0CB88722ACEE2210096C6EC /* Colors.swift in Sources */,
				A0CDFFCB2AD02B7500B84849 /* FridgeFood.swift in Sources */,
				A0D40DEC2ACE1CFD002CE22C /* ShoppingFood.swift in Sources */,
				A0ADF53B2AF899EF00EE64B1 /* NearbyView.swift in Sources */,
				A0CDFFC92AD02B3500B84849 /* FridgeCellView.swift in Sources */,
				A08F97A32B01711C0026416C /* RecipeSuggestionCell.swift in Sources */,
				A0B9779B2ACDDAE20042E1DA /* RecipeView.swift in Sources */,
				A0B977992ACDDADA0042E1DA /* FridgeView.swift in Sources */,
				A0E3D8E02AFC50D500019A73 /* FridgeData.swift in Sources */,
				A0CB886F2ACED9BB0096C6EC /* Modifiers.swift in Sources */,
				A08F97A72B01BC2A0026416C /* ShoppingListData.swift in Sources */,
				A06323B62B04394C0080F4F8 /* RecipeDetailView.swift in Sources */,
				A0B977972ACDDAD30042E1DA /* ListView.swift in Sources */,
				A0B977952ACDDAC80042E1DA /* HomeView.swift in Sources */,
				A0ADF53D2AF89B0500EE64B1 /* Location.swift in Sources */,
				A0B977832ACC63940042E1DA /* ContentView.swift in Sources */,
				A0ADF5372AF7190200EE64B1 /* RecipeData.swift in Sources */,
				A0B977812ACC63940042E1DA /* GroceryGuruApp.swift in Sources */,
				A0140D382AF9CDE80061F60F /* Round.swift in Sources */,
				A0D40DEE2ACE1D36002CE22C /* Recipe.swift in Sources */,
			);
			runOnlyForDeploymentPostprocessing = 0;
		};
/* End PBXSourcesBuildPhase section */

/* Begin XCBuildConfiguration section */
		A0B977892ACC63960042E1DA /* Debug */ = {
			isa = XCBuildConfiguration;
			buildSettings = {
				ALWAYS_SEARCH_USER_PATHS = NO;
				CLANG_ANALYZER_NONNULL = YES;
				CLANG_ANALYZER_NUMBER_OBJECT_CONVERSION = YES_AGGRESSIVE;
				CLANG_CXX_LANGUAGE_STANDARD = "gnu++20";
				CLANG_ENABLE_MODULES = YES;
				CLANG_ENABLE_OBJC_ARC = YES;
				CLANG_ENABLE_OBJC_WEAK = YES;
				CLANG_WARN_BLOCK_CAPTURE_AUTORELEASING = YES;
				CLANG_WARN_BOOL_CONVERSION = YES;
				CLANG_WARN_COMMA = YES;
				CLANG_WARN_CONSTANT_CONVERSION = YES;
				CLANG_WARN_DEPRECATED_OBJC_IMPLEMENTATIONS = YES;
				CLANG_WARN_DIRECT_OBJC_ISA_USAGE = YES_ERROR;
				CLANG_WARN_DOCUMENTATION_COMMENTS = YES;
				CLANG_WARN_EMPTY_BODY = YES;
				CLANG_WARN_ENUM_CONVERSION = YES;
				CLANG_WARN_INFINITE_RECURSION = YES;
				CLANG_WARN_INT_CONVERSION = YES;
				CLANG_WARN_NON_LITERAL_NULL_CONVERSION = YES;
				CLANG_WARN_OBJC_IMPLICIT_RETAIN_SELF = YES;
				CLANG_WARN_OBJC_LITERAL_CONVERSION = YES;
				CLANG_WARN_OBJC_ROOT_CLASS = YES_ERROR;
				CLANG_WARN_QUOTED_INCLUDE_IN_FRAMEWORK_HEADER = YES;
				CLANG_WARN_RANGE_LOOP_ANALYSIS = YES;
				CLANG_WARN_STRICT_PROTOTYPES = YES;
				CLANG_WARN_SUSPICIOUS_MOVE = YES;
				CLANG_WARN_UNGUARDED_AVAILABILITY = YES_AGGRESSIVE;
				CLANG_WARN_UNREACHABLE_CODE = YES;
				CLANG_WARN__DUPLICATE_METHOD_MATCH = YES;
				COPY_PHASE_STRIP = NO;
				DEBUG_INFORMATION_FORMAT = dwarf;
				ENABLE_STRICT_OBJC_MSGSEND = YES;
				ENABLE_TESTABILITY = YES;
				ENABLE_USER_SCRIPT_SANDBOXING = YES;
				GCC_C_LANGUAGE_STANDARD = gnu11;
				GCC_DYNAMIC_NO_PIC = NO;
				GCC_NO_COMMON_BLOCKS = YES;
				GCC_OPTIMIZATION_LEVEL = 0;
				GCC_PREPROCESSOR_DEFINITIONS = (
					"DEBUG=1",
					"$(inherited)",
				);
				GCC_WARN_64_TO_32_BIT_CONVERSION = YES;
				GCC_WARN_ABOUT_RETURN_TYPE = YES_ERROR;
				GCC_WARN_UNDECLARED_SELECTOR = YES;
				GCC_WARN_UNINITIALIZED_AUTOS = YES_AGGRESSIVE;
				GCC_WARN_UNUSED_FUNCTION = YES;
				GCC_WARN_UNUSED_VARIABLE = YES;
				IPHONEOS_DEPLOYMENT_TARGET = 16.4;
				MTL_ENABLE_DEBUG_INFO = INCLUDE_SOURCE;
				MTL_FAST_MATH = YES;
				ONLY_ACTIVE_ARCH = YES;
				SDKROOT = iphoneos;
				SWIFT_ACTIVE_COMPILATION_CONDITIONS = DEBUG;
				SWIFT_OPTIMIZATION_LEVEL = "-Onone";
			};
			name = Debug;
		};
		A0B9778A2ACC63960042E1DA /* Release */ = {
			isa = XCBuildConfiguration;
			buildSettings = {
				ALWAYS_SEARCH_USER_PATHS = NO;
				CLANG_ANALYZER_NONNULL = YES;
				CLANG_ANALYZER_NUMBER_OBJECT_CONVERSION = YES_AGGRESSIVE;
				CLANG_CXX_LANGUAGE_STANDARD = "gnu++20";
				CLANG_ENABLE_MODULES = YES;
				CLANG_ENABLE_OBJC_ARC = YES;
				CLANG_ENABLE_OBJC_WEAK = YES;
				CLANG_WARN_BLOCK_CAPTURE_AUTORELEASING = YES;
				CLANG_WARN_BOOL_CONVERSION = YES;
				CLANG_WARN_COMMA = YES;
				CLANG_WARN_CONSTANT_CONVERSION = YES;
				CLANG_WARN_DEPRECATED_OBJC_IMPLEMENTATIONS = YES;
				CLANG_WARN_DIRECT_OBJC_ISA_USAGE = YES_ERROR;
				CLANG_WARN_DOCUMENTATION_COMMENTS = YES;
				CLANG_WARN_EMPTY_BODY = YES;
				CLANG_WARN_ENUM_CONVERSION = YES;
				CLANG_WARN_INFINITE_RECURSION = YES;
				CLANG_WARN_INT_CONVERSION = YES;
				CLANG_WARN_NON_LITERAL_NULL_CONVERSION = YES;
				CLANG_WARN_OBJC_IMPLICIT_RETAIN_SELF = YES;
				CLANG_WARN_OBJC_LITERAL_CONVERSION = YES;
				CLANG_WARN_OBJC_ROOT_CLASS = YES_ERROR;
				CLANG_WARN_QUOTED_INCLUDE_IN_FRAMEWORK_HEADER = YES;
				CLANG_WARN_RANGE_LOOP_ANALYSIS = YES;
				CLANG_WARN_STRICT_PROTOTYPES = YES;
				CLANG_WARN_SUSPICIOUS_MOVE = YES;
				CLANG_WARN_UNGUARDED_AVAILABILITY = YES_AGGRESSIVE;
				CLANG_WARN_UNREACHABLE_CODE = YES;
				CLANG_WARN__DUPLICATE_METHOD_MATCH = YES;
				COPY_PHASE_STRIP = NO;
				DEBUG_INFORMATION_FORMAT = "dwarf-with-dsym";
				ENABLE_NS_ASSERTIONS = NO;
				ENABLE_STRICT_OBJC_MSGSEND = YES;
				ENABLE_USER_SCRIPT_SANDBOXING = YES;
				GCC_C_LANGUAGE_STANDARD = gnu11;
				GCC_NO_COMMON_BLOCKS = YES;
				GCC_WARN_64_TO_32_BIT_CONVERSION = YES;
				GCC_WARN_ABOUT_RETURN_TYPE = YES_ERROR;
				GCC_WARN_UNDECLARED_SELECTOR = YES;
				GCC_WARN_UNINITIALIZED_AUTOS = YES_AGGRESSIVE;
				GCC_WARN_UNUSED_FUNCTION = YES;
				GCC_WARN_UNUSED_VARIABLE = YES;
				IPHONEOS_DEPLOYMENT_TARGET = 16.4;
				MTL_ENABLE_DEBUG_INFO = NO;
				MTL_FAST_MATH = YES;
				SDKROOT = iphoneos;
				SWIFT_COMPILATION_MODE = wholemodule;
				SWIFT_OPTIMIZATION_LEVEL = "-O";
				VALIDATE_PRODUCT = YES;
			};
			name = Release;
		};
		A0B9778C2ACC63960042E1DA /* Debug */ = {
			isa = XCBuildConfiguration;
			buildSettings = {
				ASSETCATALOG_COMPILER_APPICON_NAME = AppIcon;
				ASSETCATALOG_COMPILER_GLOBAL_ACCENT_COLOR_NAME = AccentColor;
				CODE_SIGN_STYLE = Automatic;
				CURRENT_PROJECT_VERSION = 1;
				DEVELOPMENT_ASSET_PATHS = "\"GroceryGuru/Preview Content\"";
				DEVELOPMENT_TEAM = 2V9PJ4F97F;
				ENABLE_PREVIEWS = YES;
				GENERATE_INFOPLIST_FILE = YES;
				INFOPLIST_FILE = GroceryGuru/Info.plist;
				INFOPLIST_KEY_NSLocationAlwaysAndWhenInUseUsageDescription = "Request User Location";
				INFOPLIST_KEY_NSLocationWhenInUseUsageDescription = "Request User Location";
				INFOPLIST_KEY_UIApplicationSceneManifest_Generation = YES;
				INFOPLIST_KEY_UIApplicationSupportsIndirectInputEvents = YES;
				INFOPLIST_KEY_UILaunchScreen_Generation = YES;
				INFOPLIST_KEY_UISupportedInterfaceOrientations_iPad = "UIInterfaceOrientationPortrait UIInterfaceOrientationPortraitUpsideDown UIInterfaceOrientationLandscapeLeft UIInterfaceOrientationLandscapeRight";
				INFOPLIST_KEY_UISupportedInterfaceOrientations_iPhone = "UIInterfaceOrientationPortrait UIInterfaceOrientationLandscapeLeft UIInterfaceOrientationLandscapeRight";
				IPHONEOS_DEPLOYMENT_TARGET = 17.0;
				LD_RUNPATH_SEARCH_PATHS = (
					"$(inherited)",
					"@executable_path/Frameworks",
				);
				MARKETING_VERSION = 1.0;
				PRODUCT_BUNDLE_IDENTIFIER = com.MatthewLow.GroceryGuru;
				PRODUCT_NAME = "$(TARGET_NAME)";
				SWIFT_EMIT_LOC_STRINGS = YES;
				SWIFT_VERSION = 5.0;
				TARGETED_DEVICE_FAMILY = "1,2";
			};
			name = Debug;
		};
		A0B9778D2ACC63960042E1DA /* Release */ = {
			isa = XCBuildConfiguration;
			buildSettings = {
				ASSETCATALOG_COMPILER_APPICON_NAME = AppIcon;
				ASSETCATALOG_COMPILER_GLOBAL_ACCENT_COLOR_NAME = AccentColor;
				CODE_SIGN_STYLE = Automatic;
				CURRENT_PROJECT_VERSION = 1;
				DEVELOPMENT_ASSET_PATHS = "\"GroceryGuru/Preview Content\"";
				DEVELOPMENT_TEAM = 2V9PJ4F97F;
				ENABLE_PREVIEWS = YES;
				GENERATE_INFOPLIST_FILE = YES;
				INFOPLIST_FILE = GroceryGuru/Info.plist;
				INFOPLIST_KEY_NSLocationAlwaysAndWhenInUseUsageDescription = "Request User Location";
				INFOPLIST_KEY_NSLocationWhenInUseUsageDescription = "Request User Location";
				INFOPLIST_KEY_UIApplicationSceneManifest_Generation = YES;
				INFOPLIST_KEY_UIApplicationSupportsIndirectInputEvents = YES;
				INFOPLIST_KEY_UILaunchScreen_Generation = YES;
				INFOPLIST_KEY_UISupportedInterfaceOrientations_iPad = "UIInterfaceOrientationPortrait UIInterfaceOrientationPortraitUpsideDown UIInterfaceOrientationLandscapeLeft UIInterfaceOrientationLandscapeRight";
				INFOPLIST_KEY_UISupportedInterfaceOrientations_iPhone = "UIInterfaceOrientationPortrait UIInterfaceOrientationLandscapeLeft UIInterfaceOrientationLandscapeRight";
				IPHONEOS_DEPLOYMENT_TARGET = 17.0;
				LD_RUNPATH_SEARCH_PATHS = (
					"$(inherited)",
					"@executable_path/Frameworks",
				);
				MARKETING_VERSION = 1.0;
				PRODUCT_BUNDLE_IDENTIFIER = com.MatthewLow.GroceryGuru;
				PRODUCT_NAME = "$(TARGET_NAME)";
				SWIFT_EMIT_LOC_STRINGS = YES;
				SWIFT_VERSION = 5.0;
				TARGETED_DEVICE_FAMILY = "1,2";
			};
			name = Release;
		};
/* End XCBuildConfiguration section */

/* Begin XCConfigurationList section */
		A0B977782ACC63940042E1DA /* Build configuration list for PBXProject "GroceryGuru" */ = {
			isa = XCConfigurationList;
			buildConfigurations = (
				A0B977892ACC63960042E1DA /* Debug */,
				A0B9778A2ACC63960042E1DA /* Release */,
			);
			defaultConfigurationIsVisible = 0;
			defaultConfigurationName = Release;
		};
		A0B9778B2ACC63960042E1DA /* Build configuration list for PBXNativeTarget "GroceryGuru" */ = {
			isa = XCConfigurationList;
			buildConfigurations = (
				A0B9778C2ACC63960042E1DA /* Debug */,
				A0B9778D2ACC63960042E1DA /* Release */,
			);
			defaultConfigurationIsVisible = 0;
			defaultConfigurationName = Release;
		};
/* End XCConfigurationList section */

/* Begin XCRemoteSwiftPackageReference section */
		A07B45482B0143F8008779FF /* XCRemoteSwiftPackageReference "swiftui-sliders" */ = {
			isa = XCRemoteSwiftPackageReference;
			repositoryURL = "https://github.com/spacenation/swiftui-sliders";
			requirement = {
				kind = upToNextMajorVersion;
				minimumVersion = 2.1.0;
			};
		};
/* End XCRemoteSwiftPackageReference section */

/* Begin XCSwiftPackageProductDependency section */
		A07B45492B0143F8008779FF /* Sliders */ = {
			isa = XCSwiftPackageProductDependency;
			package = A07B45482B0143F8008779FF /* XCRemoteSwiftPackageReference "swiftui-sliders" */;
			productName = Sliders;
		};
/* End XCSwiftPackageProductDependency section */
	};
	rootObject = A0B977752ACC63940042E1DA /* Project object */;
}
